PODS:
  - AFNetworking (2.0.3):
    - AFNetworking/NSURLConnection
    - AFNetworking/NSURLSession
    - AFNetworking/Reachability
    - AFNetworking/Security
    - AFNetworking/Serialization
    - AFNetworking/UIKit
  - AFNetworking/NSURLConnection (2.0.3):
    - AFNetworking/Reachability
    - AFNetworking/Security
    - AFNetworking/Serialization
  - AFNetworking/NSURLSession (2.0.3):
    - AFNetworking/NSURLConnection
  - AFNetworking/Reachability (2.0.3)
  - AFNetworking/Security (2.0.3)
  - AFNetworking/Serialization (2.0.3)
  - AFNetworking/UIKit (2.0.3):
    - AFNetworking/NSURLConnection
  - GMGridView (1.1.1)
  - JSQSystemSoundPlayer (1.3.1)
  - SwipeView (1.2.10)
  - TestFlightSDK (2.0.2)

DEPENDENCIES:
  - AFNetworking (~> 2.0.3)
  - GMGridView (~> 1.1.1)
  - JSQSystemSoundPlayer (~> 1.3.1)
  - SwipeView (~> 1.2.10)
  - TestFlightSDK (~> 2.0.2)

SPEC CHECKSUMS:
  AFNetworking: e499052cbf3d743e9bb727bb37adb9dc2547ba15
  GMGridView: a17a31f010990eb8f802abb4cab50e6e03e993ea
  JSQSystemSoundPlayer: dd7319270841f836286e1211133f4fa6fd2752b6
  SwipeView: 0218f1fe1a271a610279815101b808a054fe631a
  TestFlightSDK: 0811097c1f831afb71f68ccd07ae71325cb90f43

COCOAPODS: 0.28.0
